
Microsoft Visual Studio Solution File, Format Version 12.00
# Visual Studio Version 16
VisualStudioVersion = 16.0.31005.135
MinimumVisualStudioVersion = 10.0.40219.1
Project("{FAE04EC0-301F-11D3-BF4B-00C04F79EFBC}") = "CS1", "CS1\CS1.csproj", "{47419276-626B-4741-A5A9-BE9ACC03A22F}"
EndProject
Global
	GlobalSection(SolutionConfigurationPlatforms) = preSolution
		Debug|Any CPU = Debug|Any CPU
		Release|Any CPU = Release|Any CPU
	EndGlobalSection
	GlobalSection(ProjectConfigurationPlatforms) = postSolution
		{47419276-626B-4741-A5A9-BE9ACC03A22F}.Debug|Any CPU.ActiveCfg = Debug|Any CPU
		{47419276-626B-4741-A5A9-BE9ACC03A22F}.Debug|Any CPU.Build.0 = Debug|Any CPU
		{47419276-626B-4741-A5A9-BE9ACC03A22F}.Release|Any CPU.ActiveCfg = Release|Any CPU
		{47419276-626B-4741-A5A9-BE9ACC03A22F}.Release|Any CPU.Build.0 = Release|Any CPU
	EndGlobalSection
	GlobalSection(SolutionProperties) = preSolution
		HideSolutionNode = FALSE
	EndGlobalSection
	GlobalSection(ExtensibilityGlobals) = postSolution
		SolutionGuid = {6B0FC687-C077-4E3D-A9C5-B0EBA034793C}
	EndGlobalSection
EndGlobal
